
Microsoft Visual Studio Solution File, Format Version 12.00
# Visual Studio Version 16
VisualStudioVersion = 16.0.31911.196
MinimumVisualStudioVersion = 10.0.40219.1
Project("{2150E333-8FDC-42A3-9474-1A3956D46DE8}") = "Services", "Services", "{26D76327-7B77-46E8-AA07-1A01A8B21CF9}"
EndProject
Project("{2150E333-8FDC-42A3-9474-1A3956D46DE8}") = "Catalog", "Catalog", "{7C6CE754-AE94-4F6E-A0C0-285A6E2A19E6}"
EndProject
Project("{FAE04EC0-301F-11D3-BF4B-00C04F79EFBC}") = "Catalog.API", "Services\Catalog\Catalog.API\Catalog.API.csproj", "{17E2D9F4-639A-4F4D-8A04-E70D945E5D40}"
EndProject
Project("{E53339B2-1760-4266-BCC7-CA923CBCF16C}") = "docker-compose", "docker-compose.dcproj", "{DCA7CEDE-04B3-484B-8DD0-1EF5ADDAF61A}"
EndProject
Project("{2150E333-8FDC-42A3-9474-1A3956D46DE8}") = "Basket", "Basket", "{1A147047-338A-4C82-BDE2-A983CE282635}"
EndProject
Project("{FAE04EC0-301F-11D3-BF4B-00C04F79EFBC}") = "Basket.API", "Services\Basket\Basket.API\Basket.API.csproj", "{87BDE81F-5A92-4178-AAFA-B9DAF0E65972}"
EndProject
Global
	GlobalSection(SolutionConfigurationPlatforms) = preSolution
		Debug|Any CPU = Debug|Any CPU
		Release|Any CPU = Release|Any CPU
	EndGlobalSection
	GlobalSection(ProjectConfigurationPlatforms) = postSolution
		{17E2D9F4-639A-4F4D-8A04-E70D945E5D40}.Debug|Any CPU.ActiveCfg = Debug|Any CPU
		{17E2D9F4-639A-4F4D-8A04-E70D945E5D40}.Debug|Any CPU.Build.0 = Debug|Any CPU
		{17E2D9F4-639A-4F4D-8A04-E70D945E5D40}.Release|Any CPU.ActiveCfg = Release|Any CPU
		{17E2D9F4-639A-4F4D-8A04-E70D945E5D40}.Release|Any CPU.Build.0 = Release|Any CPU
		{DCA7CEDE-04B3-484B-8DD0-1EF5ADDAF61A}.Debug|Any CPU.ActiveCfg = Debug|Any CPU
		{DCA7CEDE-04B3-484B-8DD0-1EF5ADDAF61A}.Debug|Any CPU.Build.0 = Debug|Any CPU
		{DCA7CEDE-04B3-484B-8DD0-1EF5ADDAF61A}.Release|Any CPU.ActiveCfg = Release|Any CPU
		{DCA7CEDE-04B3-484B-8DD0-1EF5ADDAF61A}.Release|Any CPU.Build.0 = Release|Any CPU
		{87BDE81F-5A92-4178-AAFA-B9DAF0E65972}.Debug|Any CPU.ActiveCfg = Debug|Any CPU
		{87BDE81F-5A92-4178-AAFA-B9DAF0E65972}.Debug|Any CPU.Build.0 = Debug|Any CPU
		{87BDE81F-5A92-4178-AAFA-B9DAF0E65972}.Release|Any CPU.ActiveCfg = Release|Any CPU
		{87BDE81F-5A92-4178-AAFA-B9DAF0E65972}.Release|Any CPU.Build.0 = Release|Any CPU
	EndGlobalSection
	GlobalSection(SolutionProperties) = preSolution
		HideSolutionNode = FALSE
	EndGlobalSection
	GlobalSection(NestedProjects) = preSolution
		{7C6CE754-AE94-4F6E-A0C0-285A6E2A19E6} = {26D76327-7B77-46E8-AA07-1A01A8B21CF9}
		{17E2D9F4-639A-4F4D-8A04-E70D945E5D40} = {7C6CE754-AE94-4F6E-A0C0-285A6E2A19E6}
		{1A147047-338A-4C82-BDE2-A983CE282635} = {26D76327-7B77-46E8-AA07-1A01A8B21CF9}
		{87BDE81F-5A92-4178-AAFA-B9DAF0E65972} = {1A147047-338A-4C82-BDE2-A983CE282635}
	EndGlobalSection
	GlobalSection(ExtensibilityGlobals) = postSolution
		SolutionGuid = {1F8B2E02-636E-41B6-802F-10D381E8AEDC}
	EndGlobalSection
EndGlobal
